// !$*UTF8*$!
{
	archiveVersion = 1;
	classes = {
	};
	objectVersion = 53;
	objects = {

/* Begin PBXBuildFile section */
		D22994B024D775A500D80793 /* OTPViewController.swift in Sources */ = {isa = PBXBuildFile; fileRef = D22994AF24D775A500D80793 /* OTPViewController.swift */; };
		D22994B224D77D9900D80793 /* NewOtpViewController.swift in Sources */ = {isa = PBXBuildFile; fileRef = D22994B124D77D9900D80793 /* NewOtpViewController.swift */; };
		D24684CF24D5CCD200105D35 /* SplitWindow.storyboard in Resources */ = {isa = PBXBuildFile; fileRef = D24684CE24D5CCD200105D35 /* SplitWindow.storyboard */; };
		D254D93324D6CC2E00EE2C74 /* OTP.swift in Sources */ = {isa = PBXBuildFile; fileRef = D254D93224D6CC2E00EE2C74 /* OTP.swift */; };
		D2802C4E24D665FE00C33A55 /* OutlineViewController.swift in Sources */ = {isa = PBXBuildFile; fileRef = D2802C4D24D665FE00C33A55 /* OutlineViewController.swift */; };
		D29B16EF250591E80033968A /* Utils.swift in Sources */ = {isa = PBXBuildFile; fileRef = D29B16EE250591E80033968A /* Utils.swift */; };
		D2B8AE4724D4D79900C542D3 /* AppDelegate.swift in Sources */ = {isa = PBXBuildFile; fileRef = D2B8AE4624D4D79900C542D3 /* AppDelegate.swift */; };
		D2B8AE4924D4D79900C542D3 /* Assets.xcassets in Resources */ = {isa = PBXBuildFile; fileRef = D2B8AE4824D4D79900C542D3 /* Assets.xcassets */; };
		D2B8AE4C24D4D79900C542D3 /* MainMenu.xib in Resources */ = {isa = PBXBuildFile; fileRef = D2B8AE4A24D4D79900C542D3 /* MainMenu.xib */; };
		D2BCD1DD24E83CEE000E68D6 /* TableWindow.storyboard in Resources */ = {isa = PBXBuildFile; fileRef = D2BCD1DC24E83CEE000E68D6 /* TableWindow.storyboard */; };
		D2BCD1E124E8406C000E68D6 /* TableController.swift in Sources */ = {isa = PBXBuildFile; fileRef = D2BCD1E024E8406C000E68D6 /* TableController.swift */; };
		D2D6772824FC49F600700418 /* WindowContoller.swift in Sources */ = {isa = PBXBuildFile; fileRef = D2D6772724FC49F600700418 /* WindowContoller.swift */; };
/* End PBXBuildFile section */

/* Begin PBXFileReference section */
		D22994AF24D775A500D80793 /* OTPViewController.swift */ = {isa = PBXFileReference; lastKnownFileType = sourcecode.swift; path = OTPViewController.swift; sourceTree = "<group>"; };
		D22994B124D77D9900D80793 /* NewOtpViewController.swift */ = {isa = PBXFileReference; lastKnownFileType = sourcecode.swift; path = NewOtpViewController.swift; sourceTree = "<group>"; };
		D24684CE24D5CCD200105D35 /* SplitWindow.storyboard */ = {isa = PBXFileReference; lastKnownFileType = file.storyboard; path = SplitWindow.storyboard; sourceTree = "<group>"; };
		D254D93224D6CC2E00EE2C74 /* OTP.swift */ = {isa = PBXFileReference; lastKnownFileType = sourcecode.swift; path = OTP.swift; sourceTree = "<group>"; };
		D2802C4D24D665FE00C33A55 /* OutlineViewController.swift */ = {isa = PBXFileReference; lastKnownFileType = sourcecode.swift; path = OutlineViewController.swift; sourceTree = "<group>"; };
		D29B16EE250591E80033968A /* Utils.swift */ = {isa = PBXFileReference; lastKnownFileType = sourcecode.swift; path = Utils.swift; sourceTree = "<group>"; };
		D2B8AE4324D4D79900C542D3 /* jcatOTP.app */ = {isa = PBXFileReference; explicitFileType = wrapper.application; includeInIndex = 0; path = jcatOTP.app; sourceTree = BUILT_PRODUCTS_DIR; };
		D2B8AE4624D4D79900C542D3 /* AppDelegate.swift */ = {isa = PBXFileReference; lastKnownFileType = sourcecode.swift; path = AppDelegate.swift; sourceTree = "<group>"; };
		D2B8AE4824D4D79900C542D3 /* Assets.xcassets */ = {isa = PBXFileReference; lastKnownFileType = folder.assetcatalog; path = Assets.xcassets; sourceTree = "<group>"; };
		D2B8AE4B24D4D79900C542D3 /* Base */ = {isa = PBXFileReference; lastKnownFileType = file.xib; name = Base; path = Base.lproj/MainMenu.xib; sourceTree = "<group>"; };
		D2B8AE4D24D4D79900C542D3 /* Info.plist */ = {isa = PBXFileReference; lastKnownFileType = text.plist.xml; path = Info.plist; sourceTree = "<group>"; };
		D2B8AE4E24D4D79900C542D3 /* jcatOTP.entitlements */ = {isa = PBXFileReference; lastKnownFileType = text.plist.entitlements; path = jcatOTP.entitlements; sourceTree = "<group>"; };
		D2BCD1DC24E83CEE000E68D6 /* TableWindow.storyboard */ = {isa = PBXFileReference; lastKnownFileType = file.storyboard; path = TableWindow.storyboard; sourceTree = "<group>"; };
		D2BCD1E024E8406C000E68D6 /* TableController.swift */ = {isa = PBXFileReference; lastKnownFileType = sourcecode.swift; path = TableController.swift; sourceTree = "<group>"; };
		D2D6772724FC49F600700418 /* WindowContoller.swift */ = {isa = PBXFileReference; lastKnownFileType = sourcecode.swift; path = WindowContoller.swift; sourceTree = "<group>"; };
/* End PBXFileReference section */

/* Begin PBXFrameworksBuildPhase section */
		D2B8AE4024D4D79900C542D3 /* Frameworks */ = {
			isa = PBXFrameworksBuildPhase;
			buildActionMask = 2147483647;
			files = (
			);
			runOnlyForDeploymentPostprocessing = 0;
		};
/* End PBXFrameworksBuildPhase section */

/* Begin PBXGroup section */
		D24684CD24D5CBE400105D35 /* Main window */ = {
			isa = PBXGroup;
			children = (
				D2BCD1DE24E83FAE000E68D6 /* Split window */,
				D2BCD1DF24E83FD9000E68D6 /* Table window */,
			);
			path = "Main window";
			sourceTree = "<group>";
		};
		D254D93124D6CC0600EE2C74 /* OTP */ = {
			isa = PBXGroup;
			children = (
				D254D93224D6CC2E00EE2C74 /* OTP.swift */,
			);
			path = OTP;
			sourceTree = "<group>";
		};
		D29B16ED250591D00033968A /* Utils */ = {
			isa = PBXGroup;
			children = (
				D29B16EE250591E80033968A /* Utils.swift */,
			);
			path = Utils;
			sourceTree = "<group>";
		};
		D2B8AE3A24D4D79900C542D3 = {
			isa = PBXGroup;
			children = (
				D2B8AE4524D4D79900C542D3 /* jcatOTP */,
				D2B8AE4424D4D79900C542D3 /* Products */,
			);
			sourceTree = "<group>";
		};
		D2B8AE4424D4D79900C542D3 /* Products */ = {
			isa = PBXGroup;
			children = (
				D2B8AE4324D4D79900C542D3 /* jcatOTP.app */,
			);
			name = Products;
			sourceTree = "<group>";
		};
		D2B8AE4524D4D79900C542D3 /* jcatOTP */ = {
			isa = PBXGroup;
			children = (
				D2B8AE4624D4D79900C542D3 /* AppDelegate.swift */,
				D2B8AE4A24D4D79900C542D3 /* MainMenu.xib */,
				D24684CD24D5CBE400105D35 /* Main window */,
				D254D93124D6CC0600EE2C74 /* OTP */,
				D29B16ED250591D00033968A /* Utils */,
				D2B8AE4824D4D79900C542D3 /* Assets.xcassets */,
				D2B8AE4D24D4D79900C542D3 /* Info.plist */,
				D2B8AE4E24D4D79900C542D3 /* jcatOTP.entitlements */,
			);
			path = jcatOTP;
			sourceTree = "<group>";
		};
		D2BCD1DE24E83FAE000E68D6 /* Split window */ = {
			isa = PBXGroup;
			children = (
				D24684CE24D5CCD200105D35 /* SplitWindow.storyboard */,
				D2802C4D24D665FE00C33A55 /* OutlineViewController.swift */,
				D22994AF24D775A500D80793 /* OTPViewController.swift */,
				D22994B124D77D9900D80793 /* NewOtpViewController.swift */,
			);
			name = "Split window";
			sourceTree = "<group>";
		};
		D2BCD1DF24E83FD9000E68D6 /* Table window */ = {
			isa = PBXGroup;
			children = (
				D2BCD1DC24E83CEE000E68D6 /* TableWindow.storyboard */,
				D2BCD1E024E8406C000E68D6 /* TableController.swift */,
				D2D6772724FC49F600700418 /* WindowContoller.swift */,
			);
			path = "Table window";
			sourceTree = "<group>";
		};
/* End PBXGroup section */

/* Begin PBXNativeTarget section */
		D2B8AE4224D4D79900C542D3 /* jcatOTP */ = {
			isa = PBXNativeTarget;
			buildConfigurationList = D2B8AE5124D4D79900C542D3 /* Build configuration list for PBXNativeTarget "jcatOTP" */;
			buildPhases = (
				D2B8AE3F24D4D79900C542D3 /* Sources */,
				D2B8AE4024D4D79900C542D3 /* Frameworks */,
				D2B8AE4124D4D79900C542D3 /* Resources */,
			);
			buildRules = (
			);
			dependencies = (
			);
			name = jcatOTP;
			productName = jcatOTP;
			productReference = D2B8AE4324D4D79900C542D3 /* jcatOTP.app */;
			productType = "com.apple.product-type.application";
		};
/* End PBXNativeTarget section */

/* Begin PBXProject section */
		D2B8AE3B24D4D79900C542D3 /* Project object */ = {
			isa = PBXProject;
			attributes = {
				LastSwiftUpdateCheck = 1160;
				LastUpgradeCheck = 1160;
				ORGANIZATIONNAME = jCat.io;
				TargetAttributes = {
					D2B8AE4224D4D79900C542D3 = {
						CreatedOnToolsVersion = 11.6;
					};
				};
			};
			buildConfigurationList = D2B8AE3E24D4D79900C542D3 /* Build configuration list for PBXProject "jcatOTP" */;
			compatibilityVersion = "Xcode 11.4";
			developmentRegion = en;
			hasScannedForEncodings = 0;
			knownRegions = (
				en,
				Base,
			);
			mainGroup = D2B8AE3A24D4D79900C542D3;
			productRefGroup = D2B8AE4424D4D79900C542D3 /* Products */;
			projectDirPath = "";
			projectRoot = "";
			targets = (
				D2B8AE4224D4D79900C542D3 /* jcatOTP */,
			);
		};
/* End PBXProject section */

/* Begin PBXResourcesBuildPhase section */
		D2B8AE4124D4D79900C542D3 /* Resources */ = {
			isa = PBXResourcesBuildPhase;
			buildActionMask = 2147483647;
			files = (
				D24684CF24D5CCD200105D35 /* SplitWindow.storyboard in Resources */,
				D2BCD1DD24E83CEE000E68D6 /* TableWindow.storyboard in Resources */,
				D2B8AE4924D4D79900C542D3 /* Assets.xcassets in Resources */,
				D2B8AE4C24D4D79900C542D3 /* MainMenu.xib in Resources */,
			);
			runOnlyForDeploymentPostprocessing = 0;
		};
/* End PBXResourcesBuildPhase section */

/* Begin PBXSourcesBuildPhase section */
		D2B8AE3F24D4D79900C542D3 /* Sources */ = {
			isa = PBXSourcesBuildPhase;
			buildActionMask = 2147483647;
			files = (
				D2BCD1E124E8406C000E68D6 /* TableController.swift in Sources */,
				D2D6772824FC49F600700418 /* WindowContoller.swift in Sources */,
				D22994B224D77D9900D80793 /* NewOtpViewController.swift in Sources */,
				D22994B024D775A500D80793 /* OTPViewController.swift in Sources */,
				D254D93324D6CC2E00EE2C74 /* OTP.swift in Sources */,
				D2B8AE4724D4D79900C542D3 /* AppDelegate.swift in Sources */,
				D2802C4E24D665FE00C33A55 /* OutlineViewController.swift in Sources */,
				D29B16EF250591E80033968A /* Utils.swift in Sources */,
			);
			runOnlyForDeploymentPostprocessing = 0;
		};
/* End PBXSourcesBuildPhase section */

/* Begin PBXVariantGroup section */
		D2B8AE4A24D4D79900C542D3 /* MainMenu.xib */ = {
			isa = PBXVariantGroup;
			children = (
				D2B8AE4B24D4D79900C542D3 /* Base */,
			);
			name = MainMenu.xib;
			sourceTree = "<group>";
		};
/* End PBXVariantGroup section */

/* Begin XCBuildConfiguration section */
		D2B8AE4F24D4D79900C542D3 /* Debug */ = {
			isa = XCBuildConfiguration;
			buildSettings = {
				ALWAYS_SEARCH_USER_PATHS = NO;
				CLANG_ANALYZER_NONNULL = YES;
				CLANG_ANALYZER_NUMBER_OBJECT_CONVERSION = YES_AGGRESSIVE;
				CLANG_CXX_LANGUAGE_STANDARD = "gnu++14";
				CLANG_CXX_LIBRARY = "libc++";
				CLANG_ENABLE_MODULES = YES;
				CLANG_ENABLE_OBJC_ARC = YES;
				CLANG_ENABLE_OBJC_WEAK = YES;
				CLANG_WARN_BLOCK_CAPTURE_AUTORELEASING = YES;
				CLANG_WARN_BOOL_CONVERSION = YES;
				CLANG_WARN_COMMA = YES;
				CLANG_WARN_CONSTANT_CONVERSION = YES;
				CLANG_WARN_DEPRECATED_OBJC_IMPLEMENTATIONS = YES;
				CLANG_WARN_DIRECT_OBJC_ISA_USAGE = YES_ERROR;
				CLANG_WARN_DOCUMENTATION_COMMENTS = YES;
				CLANG_WARN_EMPTY_BODY = YES;
				CLANG_WARN_ENUM_CONVERSION = YES;
				CLANG_WARN_INFINITE_RECURSION = YES;
				CLANG_WARN_INT_CONVERSION = YES;
				CLANG_WARN_NON_LITERAL_NULL_CONVERSION = YES;
				CLANG_WARN_OBJC_IMPLICIT_RETAIN_SELF = YES;
				CLANG_WARN_OBJC_LITERAL_CONVERSION = YES;
				CLANG_WARN_OBJC_ROOT_CLASS = YES_ERROR;
				CLANG_WARN_RANGE_LOOP_ANALYSIS = YES;
				CLANG_WARN_STRICT_PROTOTYPES = YES;
				CLANG_WARN_SUSPICIOUS_MOVE = YES;
				CLANG_WARN_UNGUARDED_AVAILABILITY = YES_AGGRESSIVE;
				CLANG_WARN_UNREACHABLE_CODE = YES;
				CLANG_WARN__DUPLICATE_METHOD_MATCH = YES;
				COPY_PHASE_STRIP = NO;
				DEBUG_INFORMATION_FORMAT = dwarf;
				ENABLE_STRICT_OBJC_MSGSEND = YES;
				ENABLE_TESTABILITY = YES;
				GCC_C_LANGUAGE_STANDARD = gnu11;
				GCC_DYNAMIC_NO_PIC = NO;
				GCC_NO_COMMON_BLOCKS = YES;
				GCC_OPTIMIZATION_LEVEL = 0;
				GCC_PREPROCESSOR_DEFINITIONS = (
					"DEBUG=1",
					"$(inherited)",
				);
				GCC_WARN_64_TO_32_BIT_CONVERSION = YES;
				GCC_WARN_ABOUT_RETURN_TYPE = YES_ERROR;
				GCC_WARN_UNDECLARED_SELECTOR = YES;
				GCC_WARN_UNINITIALIZED_AUTOS = YES_AGGRESSIVE;
				GCC_WARN_UNUSED_FUNCTION = YES;
				GCC_WARN_UNUSED_VARIABLE = YES;
				MACOSX_DEPLOYMENT_TARGET = 10.15;
				MTL_ENABLE_DEBUG_INFO = INCLUDE_SOURCE;
				MTL_FAST_MATH = YES;
				ONLY_ACTIVE_ARCH = YES;
				SDKROOT = macosx;
				SWIFT_ACTIVE_COMPILATION_CONDITIONS = DEBUG;
				SWIFT_OPTIMIZATION_LEVEL = "-Onone";
			};
			name = Debug;
		};
		D2B8AE5024D4D79900C542D3 /* Release */ = {
			isa = XCBuildConfiguration;
			buildSettings = {
				ALWAYS_SEARCH_USER_PATHS = NO;
				CLANG_ANALYZER_NONNULL = YES;
				CLANG_ANALYZER_NUMBER_OBJECT_CONVERSION = YES_AGGRESSIVE;
				CLANG_CXX_LANGUAGE_STANDARD = "gnu++14";
				CLANG_CXX_LIBRARY = "libc++";
				CLANG_ENABLE_MODULES = YES;
				CLANG_ENABLE_OBJC_ARC = YES;
				CLANG_ENABLE_OBJC_WEAK = YES;
				CLANG_WARN_BLOCK_CAPTURE_AUTORELEASING = YES;
				CLANG_WARN_BOOL_CONVERSION = YES;
				CLANG_WARN_COMMA = YES;
				CLANG_WARN_CONSTANT_CONVERSION = YES;
				CLANG_WARN_DEPRECATED_OBJC_IMPLEMENTATIONS = YES;
				CLANG_WARN_DIRECT_OBJC_ISA_USAGE = YES_ERROR;
				CLANG_WARN_DOCUMENTATION_COMMENTS = YES;
				CLANG_WARN_EMPTY_BODY = YES;
				CLANG_WARN_ENUM_CONVERSION = YES;
				CLANG_WARN_INFINITE_RECURSION = YES;
				CLANG_WARN_INT_CONVERSION = YES;
				CLANG_WARN_NON_LITERAL_NULL_CONVERSION = YES;
				CLANG_WARN_OBJC_IMPLICIT_RETAIN_SELF = YES;
				CLANG_WARN_OBJC_LITERAL_CONVERSION = YES;
				CLANG_WARN_OBJC_ROOT_CLASS = YES_ERROR;
				CLANG_WARN_RANGE_LOOP_ANALYSIS = YES;
				CLANG_WARN_STRICT_PROTOTYPES = YES;
				CLANG_WARN_SUSPICIOUS_MOVE = YES;
				CLANG_WARN_UNGUARDED_AVAILABILITY = YES_AGGRESSIVE;
				CLANG_WARN_UNREACHABLE_CODE = YES;
				CLANG_WARN__DUPLICATE_METHOD_MATCH = YES;
				COPY_PHASE_STRIP = NO;
				DEBUG_INFORMATION_FORMAT = "dwarf-with-dsym";
				ENABLE_NS_ASSERTIONS = NO;
				ENABLE_STRICT_OBJC_MSGSEND = YES;
				GCC_C_LANGUAGE_STANDARD = gnu11;
				GCC_NO_COMMON_BLOCKS = YES;
				GCC_WARN_64_TO_32_BIT_CONVERSION = YES;
				GCC_WARN_ABOUT_RETURN_TYPE = YES_ERROR;
				GCC_WARN_UNDECLARED_SELECTOR = YES;
				GCC_WARN_UNINITIALIZED_AUTOS = YES_AGGRESSIVE;
				GCC_WARN_UNUSED_FUNCTION = YES;
				GCC_WARN_UNUSED_VARIABLE = YES;
				MACOSX_DEPLOYMENT_TARGET = 10.15;
				MTL_ENABLE_DEBUG_INFO = NO;
				MTL_FAST_MATH = YES;
				SDKROOT = macosx;
				SWIFT_COMPILATION_MODE = wholemodule;
				SWIFT_OPTIMIZATION_LEVEL = "-O";
			};
			name = Release;
		};
		D2B8AE5224D4D79900C542D3 /* Debug */ = {
			isa = XCBuildConfiguration;
			buildSettings = {
				ASSETCATALOG_COMPILER_APPICON_NAME = AppIcon;
				CODE_SIGN_ENTITLEMENTS = jcatOTP/jcatOTP.entitlements;
				CODE_SIGN_STYLE = Automatic;
				COMBINE_HIDPI_IMAGES = YES;
				DEVELOPMENT_TEAM = XHE67XE9DA;
				ENABLE_HARDENED_RUNTIME = YES;
				INFOPLIST_FILE = jcatOTP/Info.plist;
				LD_RUNPATH_SEARCH_PATHS = (
					"$(inherited)",
					"@executable_path/../Frameworks",
				);
				PRODUCT_BUNDLE_IDENTIFIER = io.jcat.jcatOTP;
				PRODUCT_NAME = "$(TARGET_NAME)";
				SWIFT_VERSION = 5.0;
			};
			name = Debug;
		};
		D2B8AE5324D4D79900C542D3 /* Release */ = {
			isa = XCBuildConfiguration;
			buildSettings = {
				ASSETCATALOG_COMPILER_APPICON_NAME = AppIcon;
				CODE_SIGN_ENTITLEMENTS = jcatOTP/jcatOTP.entitlements;
				CODE_SIGN_STYLE = Automatic;
				COMBINE_HIDPI_IMAGES = YES;
				DEVELOPMENT_TEAM = XHE67XE9DA;
				ENABLE_HARDENED_RUNTIME = YES;
				INFOPLIST_FILE = jcatOTP/Info.plist;
				LD_RUNPATH_SEARCH_PATHS = (
					"$(inherited)",
					"@executable_path/../Frameworks",
				);
				PRODUCT_BUNDLE_IDENTIFIER = io.jcat.jcatOTP;
				PRODUCT_NAME = "$(TARGET_NAME)";
				SWIFT_VERSION = 5.0;
			};
			name = Release;
		};
/* End XCBuildConfiguration section */

/* Begin XCConfigurationList section */
		D2B8AE3E24D4D79900C542D3 /* Build configuration list for PBXProject "jcatOTP" */ = {
			isa = XCConfigurationList;
			buildConfigurations = (
				D2B8AE4F24D4D79900C542D3 /* Debug */,
				D2B8AE5024D4D79900C542D3 /* Release */,
			);
			defaultConfigurationIsVisible = 0;
			defaultConfigurationName = Release;
		};
		D2B8AE5124D4D79900C542D3 /* Build configuration list for PBXNativeTarget "jcatOTP" */ = {
			isa = XCConfigurationList;
			buildConfigurations = (
				D2B8AE5224D4D79900C542D3 /* Debug */,
				D2B8AE5324D4D79900C542D3 /* Release */,
			);
			defaultConfigurationIsVisible = 0;
			defaultConfigurationName = Release;
		};
/* End XCConfigurationList section */
	};
	rootObject = D2B8AE3B24D4D79900C542D3 /* Project object */;
}
